
Microsoft Visual Studio Solution File, Format Version 12.00
# Visual Studio Version 16
VisualStudioVersion = 16.0.31702.278
MinimumVisualStudioVersion = 10.0.40219.1
Project("{FAE04EC0-301F-11D3-BF4B-00C04F79EFBC}") = "BankSistem", "BankSistem\BankSistem.csproj", "{B018131C-71A0-4DE0-B0A9-45B1FF59F909}"
EndProject
Global
	GlobalSection(SolutionConfigurationPlatforms) = preSolution
		Debug|Any CPU = Debug|Any CPU
		Release|Any CPU = Release|Any CPU
	EndGlobalSection
	GlobalSection(ProjectConfigurationPlatforms) = postSolution
		{B018131C-71A0-4DE0-B0A9-45B1FF59F909}.Debug|Any CPU.ActiveCfg = Debug|Any CPU
		{B018131C-71A0-4DE0-B0A9-45B1FF59F909}.Debug|Any CPU.Build.0 = Debug|Any CPU
		{B018131C-71A0-4DE0-B0A9-45B1FF59F909}.Release|Any CPU.ActiveCfg = Release|Any CPU
		{B018131C-71A0-4DE0-B0A9-45B1FF59F909}.Release|Any CPU.Build.0 = Release|Any CPU
	EndGlobalSection
	GlobalSection(SolutionProperties) = preSolution
		HideSolutionNode = FALSE
	EndGlobalSection
	GlobalSection(ExtensibilityGlobals) = postSolution
		SolutionGuid = {A6965ED2-5B25-41C7-8C3F-C77A23F5F9AF}
	EndGlobalSection
EndGlobal
